
Microsoft Visual Studio Solution File, Format Version 12.00
# Visual Studio 2012
Project("{FAE04EC0-301F-11D3-BF4B-00C04F79EFBC}") = "RFHero_ComponentTracking", "RFHero_ComponentTracking\RFHero_ComponentTracking.csproj", "{5C0A34EC-6EF3-42B9-8BD3-866A2FBE2C19}"
EndProject
Project("{FAE04EC0-301F-11D3-BF4B-00C04F79EFBC}") = "RFHero_ComponentTracking.Tests", "RFHero_ComponentTracking.Tests\RFHero_ComponentTracking.Tests.csproj", "{D7DCC621-DC27-4FAA-A90F-6506DA081307}"
EndProject
Global
	GlobalSection(SolutionConfigurationPlatforms) = preSolution
		Debug|Any CPU = Debug|Any CPU
		Release|Any CPU = Release|Any CPU
	EndGlobalSection
	GlobalSection(ProjectConfigurationPlatforms) = postSolution
		{5C0A34EC-6EF3-42B9-8BD3-866A2FBE2C19}.Debug|Any CPU.ActiveCfg = Debug|Any CPU
		{5C0A34EC-6EF3-42B9-8BD3-866A2FBE2C19}.Debug|Any CPU.Build.0 = Debug|Any CPU
		{5C0A34EC-6EF3-42B9-8BD3-866A2FBE2C19}.Release|Any CPU.ActiveCfg = Release|Any CPU
		{5C0A34EC-6EF3-42B9-8BD3-866A2FBE2C19}.Release|Any CPU.Build.0 = Release|Any CPU
		{D7DCC621-DC27-4FAA-A90F-6506DA081307}.Debug|Any CPU.ActiveCfg = Debug|Any CPU
		{D7DCC621-DC27-4FAA-A90F-6506DA081307}.Debug|Any CPU.Build.0 = Debug|Any CPU
		{D7DCC621-DC27-4FAA-A90F-6506DA081307}.Release|Any CPU.ActiveCfg = Release|Any CPU
		{D7DCC621-DC27-4FAA-A90F-6506DA081307}.Release|Any CPU.Build.0 = Release|Any CPU
	EndGlobalSection
EndGlobal
